// !$*UTF8*$!
{
	archiveVersion = 1;
	classes = {
	};
	objectVersion = 56;
	objects = {

/* Begin PBXBuildFile section */
		6264CBF929FAB3A200166EAC /* AppDelegate.swift in Sources */ = {isa = PBXBuildFile; fileRef = 6264CBF829FAB3A200166EAC /* AppDelegate.swift */; };
		6264CBFB29FAB3A200166EAC /* SceneDelegate.swift in Sources */ = {isa = PBXBuildFile; fileRef = 6264CBFA29FAB3A200166EAC /* SceneDelegate.swift */; };
		6264CBFD29FAB3A200166EAC /* ViewController.swift in Sources */ = {isa = PBXBuildFile; fileRef = 6264CBFC29FAB3A200166EAC /* ViewController.swift */; };
		6264CC0029FAB3A200166EAC /* Main.storyboard in Resources */ = {isa = PBXBuildFile; fileRef = 6264CBFE29FAB3A200166EAC /* Main.storyboard */; };
		6264CC0229FAB3A300166EAC /* Assets.xcassets in Resources */ = {isa = PBXBuildFile; fileRef = 6264CC0129FAB3A300166EAC /* Assets.xcassets */; };
		6264CC0529FAB3A300166EAC /* LaunchScreen.storyboard in Resources */ = {isa = PBXBuildFile; fileRef = 6264CC0329FAB3A300166EAC /* LaunchScreen.storyboard */; };
		6264CC1029FAB3A400166EAC /* WebSocketsPlaygroundTests.swift in Sources */ = {isa = PBXBuildFile; fileRef = 6264CC0F29FAB3A400166EAC /* WebSocketsPlaygroundTests.swift */; };
/* End PBXBuildFile section */

/* Begin PBXContainerItemProxy section */
		6264CC0C29FAB3A400166EAC /* PBXContainerItemProxy */ = {
			isa = PBXContainerItemProxy;
			containerPortal = 6264CBED29FAB3A200166EAC /* Project object */;
			proxyType = 1;
			remoteGlobalIDString = 6264CBF429FAB3A200166EAC;
			remoteInfo = WebSocketsPlayground;
		};
/* End PBXContainerItemProxy section */

/* Begin PBXFileReference section */
		6264CBF529FAB3A200166EAC /* WebSocketsPlayground.app */ = {isa = PBXFileReference; explicitFileType = wrapper.application; includeInIndex = 0; path = WebSocketsPlayground.app; sourceTree = BUILT_PRODUCTS_DIR; };
		6264CBF829FAB3A200166EAC /* AppDelegate.swift */ = {isa = PBXFileReference; lastKnownFileType = sourcecode.swift; path = AppDelegate.swift; sourceTree = "<group>"; };
		6264CBFA29FAB3A200166EAC /* SceneDelegate.swift */ = {isa = PBXFileReference; lastKnownFileType = sourcecode.swift; path = SceneDelegate.swift; sourceTree = "<group>"; };
		6264CBFC29FAB3A200166EAC /* ViewController.swift */ = {isa = PBXFileReference; lastKnownFileType = sourcecode.swift; path = ViewController.swift; sourceTree = "<group>"; };
		6264CBFF29FAB3A200166EAC /* Base */ = {isa = PBXFileReference; lastKnownFileType = file.storyboard; name = Base; path = Base.lproj/Main.storyboard; sourceTree = "<group>"; };
		6264CC0129FAB3A300166EAC /* Assets.xcassets */ = {isa = PBXFileReference; lastKnownFileType = folder.assetcatalog; path = Assets.xcassets; sourceTree = "<group>"; };
		6264CC0429FAB3A300166EAC /* Base */ = {isa = PBXFileReference; lastKnownFileType = file.storyboard; name = Base; path = Base.lproj/LaunchScreen.storyboard; sourceTree = "<group>"; };
		6264CC0629FAB3A300166EAC /* Info.plist */ = {isa = PBXFileReference; lastKnownFileType = text.plist.xml; path = Info.plist; sourceTree = "<group>"; };
		6264CC0B29FAB3A400166EAC /* WebSocketsPlaygroundTests.xctest */ = {isa = PBXFileReference; explicitFileType = wrapper.cfbundle; includeInIndex = 0; path = WebSocketsPlaygroundTests.xctest; sourceTree = BUILT_PRODUCTS_DIR; };
		6264CC0F29FAB3A400166EAC /* WebSocketsPlaygroundTests.swift */ = {isa = PBXFileReference; lastKnownFileType = sourcecode.swift; path = WebSocketsPlaygroundTests.swift; sourceTree = "<group>"; };
/* End PBXFileReference section */

/* Begin PBXFrameworksBuildPhase section */
		6264CBF229FAB3A200166EAC /* Frameworks */ = {
			isa = PBXFrameworksBuildPhase;
			buildActionMask = 2147483647;
			files = (
			);
			runOnlyForDeploymentPostprocessing = 0;
		};
		6264CC0829FAB3A400166EAC /* Frameworks */ = {
			isa = PBXFrameworksBuildPhase;
			buildActionMask = 2147483647;
			files = (
			);
			runOnlyForDeploymentPostprocessing = 0;
		};
/* End PBXFrameworksBuildPhase section */

/* Begin PBXGroup section */
		6264CBEC29FAB3A200166EAC = {
			isa = PBXGroup;
			children = (
				6264CBF729FAB3A200166EAC /* WebSocketsPlayground */,
				6264CC0E29FAB3A400166EAC /* WebSocketsPlaygroundTests */,
				6264CBF629FAB3A200166EAC /* Products */,
			);
			sourceTree = "<group>";
		};
		6264CBF629FAB3A200166EAC /* Products */ = {
			isa = PBXGroup;
			children = (
				6264CBF529FAB3A200166EAC /* WebSocketsPlayground.app */,
				6264CC0B29FAB3A400166EAC /* WebSocketsPlaygroundTests.xctest */,
			);
			name = Products;
			sourceTree = "<group>";
		};
		6264CBF729FAB3A200166EAC /* WebSocketsPlayground */ = {
			isa = PBXGroup;
			children = (
				6264CBF829FAB3A200166EAC /* AppDelegate.swift */,
				6264CBFA29FAB3A200166EAC /* SceneDelegate.swift */,
				6264CBFC29FAB3A200166EAC /* ViewController.swift */,
				6264CBFE29FAB3A200166EAC /* Main.storyboard */,
				6264CC0129FAB3A300166EAC /* Assets.xcassets */,
				6264CC0329FAB3A300166EAC /* LaunchScreen.storyboard */,
				6264CC0629FAB3A300166EAC /* Info.plist */,
			);
			path = WebSocketsPlayground;
			sourceTree = "<group>";
		};
		6264CC0E29FAB3A400166EAC /* WebSocketsPlaygroundTests */ = {
			isa = PBXGroup;
			children = (
				6264CC0F29FAB3A400166EAC /* WebSocketsPlaygroundTests.swift */,
			);
			path = WebSocketsPlaygroundTests;
			sourceTree = "<group>";
		};
/* End PBXGroup section */

/* Begin PBXNativeTarget section */
		6264CBF429FAB3A200166EAC /* WebSocketsPlayground */ = {
			isa = PBXNativeTarget;
			buildConfigurationList = 6264CC1F29FAB3A400166EAC /* Build configuration list for PBXNativeTarget "WebSocketsPlayground" */;
			buildPhases = (
				6264CBF129FAB3A200166EAC /* Sources */,
				6264CBF229FAB3A200166EAC /* Frameworks */,
				6264CBF329FAB3A200166EAC /* Resources */,
			);
			buildRules = (
			);
			dependencies = (
			);
			name = WebSocketsPlayground;
			productName = WebSocketsPlayground;
			productReference = 6264CBF529FAB3A200166EAC /* WebSocketsPlayground.app */;
			productType = "com.apple.product-type.application";
		};
		6264CC0A29FAB3A400166EAC /* WebSocketsPlaygroundTests */ = {
			isa = PBXNativeTarget;
			buildConfigurationList = 6264CC2229FAB3A400166EAC /* Build configuration list for PBXNativeTarget "WebSocketsPlaygroundTests" */;
			buildPhases = (
				6264CC0729FAB3A400166EAC /* Sources */,
				6264CC0829FAB3A400166EAC /* Frameworks */,
				6264CC0929FAB3A400166EAC /* Resources */,
			);
			buildRules = (
			);
			dependencies = (
				6264CC0D29FAB3A400166EAC /* PBXTargetDependency */,
			);
			name = WebSocketsPlaygroundTests;
			productName = WebSocketsPlaygroundTests;
			productReference = 6264CC0B29FAB3A400166EAC /* WebSocketsPlaygroundTests.xctest */;
			productType = "com.apple.product-type.bundle.unit-test";
		};
/* End PBXNativeTarget section */

/* Begin PBXProject section */
		6264CBED29FAB3A200166EAC /* Project object */ = {
			isa = PBXProject;
			attributes = {
				BuildIndependentTargetsInParallel = 1;
				LastSwiftUpdateCheck = 1420;
				LastUpgradeCheck = 1420;
				TargetAttributes = {
					6264CBF429FAB3A200166EAC = {
						CreatedOnToolsVersion = 14.2;
					};
					6264CC0A29FAB3A400166EAC = {
						CreatedOnToolsVersion = 14.2;
						TestTargetID = 6264CBF429FAB3A200166EAC;
					};
				};
			};
			buildConfigurationList = 6264CBF029FAB3A200166EAC /* Build configuration list for PBXProject "WebSocketsPlayground" */;
			compatibilityVersion = "Xcode 14.0";
			developmentRegion = en;
			hasScannedForEncodings = 0;
			knownRegions = (
				en,
				Base,
			);
			mainGroup = 6264CBEC29FAB3A200166EAC;
			productRefGroup = 6264CBF629FAB3A200166EAC /* Products */;
			projectDirPath = "";
			projectRoot = "";
			targets = (
				6264CBF429FAB3A200166EAC /* WebSocketsPlayground */,
				6264CC0A29FAB3A400166EAC /* WebSocketsPlaygroundTests */,
			);
		};
/* End PBXProject section */

/* Begin PBXResourcesBuildPhase section */
		6264CBF329FAB3A200166EAC /* Resources */ = {
			isa = PBXResourcesBuildPhase;
			buildActionMask = 2147483647;
			files = (
				6264CC0529FAB3A300166EAC /* LaunchScreen.storyboard in Resources */,
				6264CC0229FAB3A300166EAC /* Assets.xcassets in Resources */,
				6264CC0029FAB3A200166EAC /* Main.storyboard in Resources */,
			);
			runOnlyForDeploymentPostprocessing = 0;
		};
		6264CC0929FAB3A400166EAC /* Resources */ = {
			isa = PBXResourcesBuildPhase;
			buildActionMask = 2147483647;
			files = (
			);
			runOnlyForDeploymentPostprocessing = 0;
		};
/* End PBXResourcesBuildPhase section */

/* Begin PBXSourcesBuildPhase section */
		6264CBF129FAB3A200166EAC /* Sources */ = {
			isa = PBXSourcesBuildPhase;
			buildActionMask = 2147483647;
			files = (
				6264CBFD29FAB3A200166EAC /* ViewController.swift in Sources */,
				6264CBF929FAB3A200166EAC /* AppDelegate.swift in Sources */,
				6264CBFB29FAB3A200166EAC /* SceneDelegate.swift in Sources */,
			);
			runOnlyForDeploymentPostprocessing = 0;
		};
		6264CC0729FAB3A400166EAC /* Sources */ = {
			isa = PBXSourcesBuildPhase;
			buildActionMask = 2147483647;
			files = (
				6264CC1029FAB3A400166EAC /* WebSocketsPlaygroundTests.swift in Sources */,
			);
			runOnlyForDeploymentPostprocessing = 0;
		};
/* End PBXSourcesBuildPhase section */

/* Begin PBXTargetDependency section */
		6264CC0D29FAB3A400166EAC /* PBXTargetDependency */ = {
			isa = PBXTargetDependency;
			target = 6264CBF429FAB3A200166EAC /* WebSocketsPlayground */;
			targetProxy = 6264CC0C29FAB3A400166EAC /* PBXContainerItemProxy */;
		};
/* End PBXTargetDependency section */

/* Begin PBXVariantGroup section */
		6264CBFE29FAB3A200166EAC /* Main.storyboard */ = {
			isa = PBXVariantGroup;
			children = (
				6264CBFF29FAB3A200166EAC /* Base */,
			);
			name = Main.storyboard;
			sourceTree = "<group>";
		};
		6264CC0329FAB3A300166EAC /* LaunchScreen.storyboard */ = {
			isa = PBXVariantGroup;
			children = (
				6264CC0429FAB3A300166EAC /* Base */,
			);
			name = LaunchScreen.storyboard;
			sourceTree = "<group>";
		};
/* End PBXVariantGroup section */

/* Begin XCBuildConfiguration section */
		6264CC1D29FAB3A400166EAC /* Debug */ = {
			isa = XCBuildConfiguration;
			buildSettings = {
				ALWAYS_SEARCH_USER_PATHS = NO;
				CLANG_ANALYZER_NONNULL = YES;
				CLANG_ANALYZER_NUMBER_OBJECT_CONVERSION = YES_AGGRESSIVE;
				CLANG_CXX_LANGUAGE_STANDARD = "gnu++20";
				CLANG_ENABLE_MODULES = YES;
				CLANG_ENABLE_OBJC_ARC = YES;
				CLANG_ENABLE_OBJC_WEAK = YES;
				CLANG_WARN_BLOCK_CAPTURE_AUTORELEASING = YES;
				CLANG_WARN_BOOL_CONVERSION = YES;
				CLANG_WARN_COMMA = YES;
				CLANG_WARN_CONSTANT_CONVERSION = YES;
				CLANG_WARN_DEPRECATED_OBJC_IMPLEMENTATIONS = YES;
				CLANG_WARN_DIRECT_OBJC_ISA_USAGE = YES_ERROR;
				CLANG_WARN_DOCUMENTATION_COMMENTS = YES;
				CLANG_WARN_EMPTY_BODY = YES;
				CLANG_WARN_ENUM_CONVERSION = YES;
				CLANG_WARN_INFINITE_RECURSION = YES;
				CLANG_WARN_INT_CONVERSION = YES;
				CLANG_WARN_NON_LITERAL_NULL_CONVERSION = YES;
				CLANG_WARN_OBJC_IMPLICIT_RETAIN_SELF = YES;
				CLANG_WARN_OBJC_LITERAL_CONVERSION = YES;
				CLANG_WARN_OBJC_ROOT_CLASS = YES_ERROR;
				CLANG_WARN_QUOTED_INCLUDE_IN_FRAMEWORK_HEADER = YES;
				CLANG_WARN_RANGE_LOOP_ANALYSIS = YES;
				CLANG_WARN_STRICT_PROTOTYPES = YES;
				CLANG_WARN_SUSPICIOUS_MOVE = YES;
				CLANG_WARN_UNGUARDED_AVAILABILITY = YES_AGGRESSIVE;
				CLANG_WARN_UNREACHABLE_CODE = YES;
				CLANG_WARN__DUPLICATE_METHOD_MATCH = YES;
				COPY_PHASE_STRIP = NO;
				DEBUG_INFORMATION_FORMAT = dwarf;
				ENABLE_STRICT_OBJC_MSGSEND = YES;
				ENABLE_TESTABILITY = YES;
				GCC_C_LANGUAGE_STANDARD = gnu11;
				GCC_DYNAMIC_NO_PIC = NO;
				GCC_NO_COMMON_BLOCKS = YES;
				GCC_OPTIMIZATION_LEVEL = 0;
				GCC_PREPROCESSOR_DEFINITIONS = (
					"DEBUG=1",
					"$(inherited)",
				);
				GCC_WARN_64_TO_32_BIT_CONVERSION = YES;
				GCC_WARN_ABOUT_RETURN_TYPE = YES_ERROR;
				GCC_WARN_UNDECLARED_SELECTOR = YES;
				GCC_WARN_UNINITIALIZED_AUTOS = YES_AGGRESSIVE;
				GCC_WARN_UNUSED_FUNCTION = YES;
				GCC_WARN_UNUSED_VARIABLE = YES;
				IPHONEOS_DEPLOYMENT_TARGET = 16.2;
				MTL_ENABLE_DEBUG_INFO = INCLUDE_SOURCE;
				MTL_FAST_MATH = YES;
				ONLY_ACTIVE_ARCH = YES;
				SDKROOT = iphoneos;
				SWIFT_ACTIVE_COMPILATION_CONDITIONS = DEBUG;
				SWIFT_OPTIMIZATION_LEVEL = "-Onone";
			};
			name = Debug;
		};
		6264CC1E29FAB3A400166EAC /* Release */ = {
			isa = XCBuildConfiguration;
			buildSettings = {
				ALWAYS_SEARCH_USER_PATHS = NO;
				CLANG_ANALYZER_NONNULL = YES;
				CLANG_ANALYZER_NUMBER_OBJECT_CONVERSION = YES_AGGRESSIVE;
				CLANG_CXX_LANGUAGE_STANDARD = "gnu++20";
				CLANG_ENABLE_MODULES = YES;
				CLANG_ENABLE_OBJC_ARC = YES;
				CLANG_ENABLE_OBJC_WEAK = YES;
				CLANG_WARN_BLOCK_CAPTURE_AUTORELEASING = YES;
				CLANG_WARN_BOOL_CONVERSION = YES;
				CLANG_WARN_COMMA = YES;
				CLANG_WARN_CONSTANT_CONVERSION = YES;
				CLANG_WARN_DEPRECATED_OBJC_IMPLEMENTATIONS = YES;
				CLANG_WARN_DIRECT_OBJC_ISA_USAGE = YES_ERROR;
				CLANG_WARN_DOCUMENTATION_COMMENTS = YES;
				CLANG_WARN_EMPTY_BODY = YES;
				CLANG_WARN_ENUM_CONVERSION = YES;
				CLANG_WARN_INFINITE_RECURSION = YES;
				CLANG_WARN_INT_CONVERSION = YES;
				CLANG_WARN_NON_LITERAL_NULL_CONVERSION = YES;
				CLANG_WARN_OBJC_IMPLICIT_RETAIN_SELF = YES;
				CLANG_WARN_OBJC_LITERAL_CONVERSION = YES;
				CLANG_WARN_OBJC_ROOT_CLASS = YES_ERROR;
				CLANG_WARN_QUOTED_INCLUDE_IN_FRAMEWORK_HEADER = YES;
				CLANG_WARN_RANGE_LOOP_ANALYSIS = YES;
				CLANG_WARN_STRICT_PROTOTYPES = YES;
				CLANG_WARN_SUSPICIOUS_MOVE = YES;
				CLANG_WARN_UNGUARDED_AVAILABILITY = YES_AGGRESSIVE;
				CLANG_WARN_UNREACHABLE_CODE = YES;
				CLANG_WARN__DUPLICATE_METHOD_MATCH = YES;
				COPY_PHASE_STRIP = NO;
				DEBUG_INFORMATION_FORMAT = "dwarf-with-dsym";
				ENABLE_NS_ASSERTIONS = NO;
				ENABLE_STRICT_OBJC_MSGSEND = YES;
				GCC_C_LANGUAGE_STANDARD = gnu11;
				GCC_NO_COMMON_BLOCKS = YES;
				GCC_WARN_64_TO_32_BIT_CONVERSION = YES;
				GCC_WARN_ABOUT_RETURN_TYPE = YES_ERROR;
				GCC_WARN_UNDECLARED_SELECTOR = YES;
				GCC_WARN_UNINITIALIZED_AUTOS = YES_AGGRESSIVE;
				GCC_WARN_UNUSED_FUNCTION = YES;
				GCC_WARN_UNUSED_VARIABLE = YES;
				IPHONEOS_DEPLOYMENT_TARGET = 16.2;
				MTL_ENABLE_DEBUG_INFO = NO;
				MTL_FAST_MATH = YES;
				SDKROOT = iphoneos;
				SWIFT_COMPILATION_MODE = wholemodule;
				SWIFT_OPTIMIZATION_LEVEL = "-O";
				VALIDATE_PRODUCT = YES;
			};
			name = Release;
		};
		6264CC2029FAB3A400166EAC /* Debug */ = {
			isa = XCBuildConfiguration;
			buildSettings = {
				ASSETCATALOG_COMPILER_APPICON_NAME = AppIcon;
				ASSETCATALOG_COMPILER_GLOBAL_ACCENT_COLOR_NAME = AccentColor;
				CODE_SIGN_STYLE = Automatic;
				CURRENT_PROJECT_VERSION = 1;
				DEVELOPMENT_TEAM = RVQM7JW9C3;
				GENERATE_INFOPLIST_FILE = YES;
				INFOPLIST_FILE = WebSocketsPlayground/Info.plist;
				INFOPLIST_KEY_UIApplicationSupportsIndirectInputEvents = YES;
				INFOPLIST_KEY_UILaunchStoryboardName = LaunchScreen;
				INFOPLIST_KEY_UIMainStoryboardFile = Main;
				INFOPLIST_KEY_UISupportedInterfaceOrientations_iPad = "UIInterfaceOrientationPortrait UIInterfaceOrientationPortraitUpsideDown UIInterfaceOrientationLandscapeLeft UIInterfaceOrientationLandscapeRight";
				INFOPLIST_KEY_UISupportedInterfaceOrientations_iPhone = "UIInterfaceOrientationPortrait UIInterfaceOrientationLandscapeLeft UIInterfaceOrientationLandscapeRight";
				LD_RUNPATH_SEARCH_PATHS = (
					"$(inherited)",
					"@executable_path/Frameworks",
				);
				MARKETING_VERSION = 1.0;
				PRODUCT_BUNDLE_IDENTIFIER = com.ryanneilstroud.WebSocketsPlayground;
				PRODUCT_NAME = "$(TARGET_NAME)";
				SWIFT_EMIT_LOC_STRINGS = YES;
				SWIFT_VERSION = 5.0;
				TARGETED_DEVICE_FAMILY = "1,2";
			};
			name = Debug;
		};
		6264CC2129FAB3A400166EAC /* Release */ = {
			isa = XCBuildConfiguration;
			buildSettings = {
				ASSETCATALOG_COMPILER_APPICON_NAME = AppIcon;
				ASSETCATALOG_COMPILER_GLOBAL_ACCENT_COLOR_NAME = AccentColor;
				CODE_SIGN_STYLE = Automatic;
				CURRENT_PROJECT_VERSION = 1;
				DEVELOPMENT_TEAM = RVQM7JW9C3;
				GENERATE_INFOPLIST_FILE = YES;
				INFOPLIST_FILE = WebSocketsPlayground/Info.plist;
				INFOPLIST_KEY_UIApplicationSupportsIndirectInputEvents = YES;
				INFOPLIST_KEY_UILaunchStoryboardName = LaunchScreen;
				INFOPLIST_KEY_UIMainStoryboardFile = Main;
				INFOPLIST_KEY_UISupportedInterfaceOrientations_iPad = "UIInterfaceOrientationPortrait UIInterfaceOrientationPortraitUpsideDown UIInterfaceOrientationLandscapeLeft UIInterfaceOrientationLandscapeRight";
				INFOPLIST_KEY_UISupportedInterfaceOrientations_iPhone = "UIInterfaceOrientationPortrait UIInterfaceOrientationLandscapeLeft UIInterfaceOrientationLandscapeRight";
				LD_RUNPATH_SEARCH_PATHS = (
					"$(inherited)",
					"@executable_path/Frameworks",
				);
				MARKETING_VERSION = 1.0;
				PRODUCT_BUNDLE_IDENTIFIER = com.ryanneilstroud.WebSocketsPlayground;
				PRODUCT_NAME = "$(TARGET_NAME)";
				SWIFT_EMIT_LOC_STRINGS = YES;
				SWIFT_VERSION = 5.0;
				TARGETED_DEVICE_FAMILY = "1,2";
			};
			name = Release;
		};
		6264CC2329FAB3A400166EAC /* Debug */ = {
			isa = XCBuildConfiguration;
			buildSettings = {
				ALWAYS_EMBED_SWIFT_STANDARD_LIBRARIES = YES;
				BUNDLE_LOADER = "$(TEST_HOST)";
				CODE_SIGN_STYLE = Automatic;
				CURRENT_PROJECT_VERSION = 1;
				DEVELOPMENT_TEAM = RVQM7JW9C3;
				GENERATE_INFOPLIST_FILE = YES;
				IPHONEOS_DEPLOYMENT_TARGET = 16.2;
				MARKETING_VERSION = 1.0;
				PRODUCT_BUNDLE_IDENTIFIER = com.ryanneilstroud.WebSocketsPlaygroundTests;
				PRODUCT_NAME = "$(TARGET_NAME)";
				SWIFT_EMIT_LOC_STRINGS = NO;
				SWIFT_VERSION = 5.0;
				TARGETED_DEVICE_FAMILY = "1,2";
				TEST_HOST = "$(BUILT_PRODUCTS_DIR)/WebSocketsPlayground.app/$(BUNDLE_EXECUTABLE_FOLDER_PATH)/WebSocketsPlayground";
			};
			name = Debug;
		};
		6264CC2429FAB3A400166EAC /* Release */ = {
			isa = XCBuildConfiguration;
			buildSettings = {
				ALWAYS_EMBED_SWIFT_STANDARD_LIBRARIES = YES;
				BUNDLE_LOADER = "$(TEST_HOST)";
				CODE_SIGN_STYLE = Automatic;
				CURRENT_PROJECT_VERSION = 1;
				DEVELOPMENT_TEAM = RVQM7JW9C3;
				GENERATE_INFOPLIST_FILE = YES;
				IPHONEOS_DEPLOYMENT_TARGET = 16.2;
				MARKETING_VERSION = 1.0;
				PRODUCT_BUNDLE_IDENTIFIER = com.ryanneilstroud.WebSocketsPlaygroundTests;
				PRODUCT_NAME = "$(TARGET_NAME)";
				SWIFT_EMIT_LOC_STRINGS = NO;
				SWIFT_VERSION = 5.0;
				TARGETED_DEVICE_FAMILY = "1,2";
				TEST_HOST = "$(BUILT_PRODUCTS_DIR)/WebSocketsPlayground.app/$(BUNDLE_EXECUTABLE_FOLDER_PATH)/WebSocketsPlayground";
			};
			name = Release;
		};
/* End XCBuildConfiguration section */

/* Begin XCConfigurationList section */
		6264CBF029FAB3A200166EAC /* Build configuration list for PBXProject "WebSocketsPlayground" */ = {
			isa = XCConfigurationList;
			buildConfigurations = (
				6264CC1D29FAB3A400166EAC /* Debug */,
				6264CC1E29FAB3A400166EAC /* Release */,
			);
			defaultConfigurationIsVisible = 0;
			defaultConfigurationName = Release;
		};
		6264CC1F29FAB3A400166EAC /* Build configuration list for PBXNativeTarget "WebSocketsPlayground" */ = {
			isa = XCConfigurationList;
			buildConfigurations = (
				6264CC2029FAB3A400166EAC /* Debug */,
				6264CC2129FAB3A400166EAC /* Release */,
			);
			defaultConfigurationIsVisible = 0;
			defaultConfigurationName = Release;
		};
		6264CC2229FAB3A400166EAC /* Build configuration list for PBXNativeTarget "WebSocketsPlaygroundTests" */ = {
			isa = XCConfigurationList;
			buildConfigurations = (
				6264CC2329FAB3A400166EAC /* Debug */,
				6264CC2429FAB3A400166EAC /* Release */,
			);
			defaultConfigurationIsVisible = 0;
			defaultConfigurationName = Release;
		};
/* End XCConfigurationList section */
	};
	rootObject = 6264CBED29FAB3A200166EAC /* Project object */;
}
